
Microsoft Visual Studio Solution File, Format Version 12.00
# Visual Studio 15
VisualStudioVersion = 15.0.26228.12
MinimumVisualStudioVersion = 10.0.40219.1
Project("{F184B08F-C81C-45F6-A57F-5ABD9991F28F}") = "MPSync", "MPSync\MPSync.vbproj", "{C23857F2-6BA9-4FA4-9D15-B535C5C41564}"
EndProject
Project("{FAE04EC0-301F-11D3-BF4B-00C04F79EFBC}") = "MPSync_Launcher", "..\MPSync_Launcher\MPSync_Launcher\MPSync_Launcher.csproj", "{F8303E7F-DDB0-49AD-B960-B6B7CA00C6E1}"
EndProject
Project("{FAE04EC0-301F-11D3-BF4B-00C04F79EFBC}") = "DirectoryEnumerator", "FastDirectoryEnumerator\DirectoryEnumerator.csproj", "{B178092B-06CF-4FCF-9D20-69E14650136F}"
EndProject
Global
	GlobalSection(SolutionConfigurationPlatforms) = preSolution
		Debug|Any CPU = Debug|Any CPU
		Debug|x86 = Debug|x86
		Release|Any CPU = Release|Any CPU
		Release|x86 = Release|x86
	EndGlobalSection
	GlobalSection(ProjectConfigurationPlatforms) = postSolution
		{C23857F2-6BA9-4FA4-9D15-B535C5C41564}.Debug|Any CPU.ActiveCfg = Debug|Any CPU
		{C23857F2-6BA9-4FA4-9D15-B535C5C41564}.Debug|Any CPU.Build.0 = Debug|Any CPU
		{C23857F2-6BA9-4FA4-9D15-B535C5C41564}.Debug|x86.ActiveCfg = Debug|x86
		{C23857F2-6BA9-4FA4-9D15-B535C5C41564}.Debug|x86.Build.0 = Debug|x86
		{C23857F2-6BA9-4FA4-9D15-B535C5C41564}.Release|Any CPU.ActiveCfg = Release|Any CPU
		{C23857F2-6BA9-4FA4-9D15-B535C5C41564}.Release|Any CPU.Build.0 = Release|Any CPU
		{C23857F2-6BA9-4FA4-9D15-B535C5C41564}.Release|x86.ActiveCfg = Release|x86
		{C23857F2-6BA9-4FA4-9D15-B535C5C41564}.Release|x86.Build.0 = Release|x86
		{F8303E7F-DDB0-49AD-B960-B6B7CA00C6E1}.Debug|Any CPU.ActiveCfg = Debug|Any CPU
		{F8303E7F-DDB0-49AD-B960-B6B7CA00C6E1}.Debug|Any CPU.Build.0 = Debug|Any CPU
		{F8303E7F-DDB0-49AD-B960-B6B7CA00C6E1}.Debug|x86.ActiveCfg = Debug|x86
		{F8303E7F-DDB0-49AD-B960-B6B7CA00C6E1}.Debug|x86.Build.0 = Debug|x86
		{F8303E7F-DDB0-49AD-B960-B6B7CA00C6E1}.Release|Any CPU.ActiveCfg = Release|Any CPU
		{F8303E7F-DDB0-49AD-B960-B6B7CA00C6E1}.Release|Any CPU.Build.0 = Release|Any CPU
		{F8303E7F-DDB0-49AD-B960-B6B7CA00C6E1}.Release|x86.ActiveCfg = Release|x86
		{F8303E7F-DDB0-49AD-B960-B6B7CA00C6E1}.Release|x86.Build.0 = Release|x86
		{B178092B-06CF-4FCF-9D20-69E14650136F}.Debug|Any CPU.ActiveCfg = Debug|Any CPU
		{B178092B-06CF-4FCF-9D20-69E14650136F}.Debug|Any CPU.Build.0 = Debug|Any CPU
		{B178092B-06CF-4FCF-9D20-69E14650136F}.Debug|x86.ActiveCfg = Debug|x86
		{B178092B-06CF-4FCF-9D20-69E14650136F}.Debug|x86.Build.0 = Debug|x86
		{B178092B-06CF-4FCF-9D20-69E14650136F}.Release|Any CPU.ActiveCfg = Release|Any CPU
		{B178092B-06CF-4FCF-9D20-69E14650136F}.Release|Any CPU.Build.0 = Release|Any CPU
		{B178092B-06CF-4FCF-9D20-69E14650136F}.Release|x86.ActiveCfg = Release|x86
		{B178092B-06CF-4FCF-9D20-69E14650136F}.Release|x86.Build.0 = Release|x86
	EndGlobalSection
	GlobalSection(SolutionProperties) = preSolution
		HideSolutionNode = FALSE
	EndGlobalSection
	GlobalSection(ExtensibilityGlobals) = postSolution
		SolutionGuid = {A549E90C-7B37-4F09-9663-1B2FD9BB1058}
	EndGlobalSection
EndGlobal
